PODS:
  - Alamofire (5.7.1)
  - SwiftyProgressHud (1.0.3)

DEPENDENCIES:
  - Alamofire
  - SwiftyProgressHud

SPEC REPOS:
  trunk:
    - Alamofire
    - SwiftyProgressHud

SPEC CHECKSUMS:
  Alamofire: 0123a34370cb170936ae79a8df46cc62b2edeb88
  SwiftyProgressHud: 6ea32c04775b3057ed5c4253b9a4f7f07994e9a9

PODFILE CHECKSUM: abcb6add6e495bfab3f52dca1e56a2fc1b619d2a

COCOAPODS: 1.11.3
